
Microsoft Visual Studio Solution File, Format Version 12.00
# Visual Studio Version 17
VisualStudioVersion = 17.0.31919.166
MinimumVisualStudioVersion = 10.0.40219.1
Project("{2150E333-8FDC-42A3-9474-1A3956D46DE8}") = "src", "src", "{11111111-1111-1111-1111-111111111111}"
EndProject
Project("{2150E333-8FDC-42A3-9474-1A3956D46DE8}") = "Services", "Services", "{22222222-2222-2222-2222-222222222222}"
EndProject
Project("{2150E333-8FDC-42A3-9474-1A3956D46DE8}") = "Common", "Common", "{33333333-3333-3333-3333-333333333333}"
EndProject
Project("{2150E333-8FDC-42A3-9474-1A3956D46DE8}") = "Gateway", "Gateway", "{44444444-4444-4444-4444-444444444444}"
EndProject
Project("{FAE04EC0-301F-11D3-BF4B-00C04F79EFBC}") = "Booking.API", "src\Services\Booking.API\Booking.API.csproj", "{55555555-5555-5555-5555-555555555555}"
EndProject
Project("{FAE04EC0-301F-11D3-BF4B-00C04F79EFBC}") = "Flight.API", "src\Services\Flight.API\Flight.API.csproj", "{66666666-6666-6666-6666-666666666666}"
EndProject
Project("{FAE04EC0-301F-11D3-BF4B-00C04F79EFBC}") = "Hotel.API", "src\Services\Hotel.API\Hotel.API.csproj", "{77777777-7777-7777-7777-777777777777}"
EndProject
Project("{FAE04EC0-301F-11D3-BF4B-00C04F79EFBC}") = "Car.API", "src\Services\Car.API\Car.API.csproj", "{88888888-8888-8888-8888-888888888888}"
EndProject
Project("{FAE04EC0-301F-11D3-BF4B-00C04F79EFBC}") = "Saga.Orchestrator", "src\Common\Saga.Orchestrator\Saga.Orchestrator.csproj", "{99999999-9999-9999-9999-999999999999}"
EndProject
Project("{FAE04EC0-301F-11D3-BF4B-00C04F79EFBC}") = "Shared.Domain", "src\Common\Domain\Shared.Domain.csproj", "{AAAAAAAA-AAAA-AAAA-AAAA-AAAAAAAAAAAA}"
EndProject
Project("{FAE04EC0-301F-11D3-BF4B-00C04F79EFBC}") = "Shared.Infrastructure", "src\Common\Shared\Shared.Infrastructure.csproj", "{BBBBBBBB-BBBB-BBBB-BBBB-BBBBBBBBBBBB}"
EndProject
Project("{2150E333-8FDC-42A3-9474-1A3956D46DE8}") = "Services", "Services", "{0DFEBA3E-BECE-7C30-9501-5FE1088C754D}"
EndProject
Project("{FAE04EC0-301F-11D3-BF4B-00C04F79EFBC}") = "Booking.API.Tests", "src\Services\Booking.API.Tests\Booking.API.Tests.csproj", "{CC388310-29CA-47F2-BF34-54F3DD9C888D}"
EndProject
Project("{FAE04EC0-301F-11D3-BF4B-00C04F79EFBC}") = "Flight.API.Tests", "src\Services\Flight.API.Tests\Flight.API.Tests.csproj", "{1C3700A2-EAEE-416B-83BF-025432B97C5A}"
EndProject
Project("{FAE04EC0-301F-11D3-BF4B-00C04F79EFBC}") = "Hotel.API.Tests", "src\Services\Hotel.API.Tests\Hotel.API.Tests.csproj", "{ABE72D37-9506-45DF-879B-8C0953319A7B}"
EndProject
Project("{FAE04EC0-301F-11D3-BF4B-00C04F79EFBC}") = "Car.API.Tests", "src\Services\Car.API.Tests\Car.API.Tests.csproj", "{168B51FA-482B-42D6-B055-16C0B1F875A5}"
EndProject
Global
	GlobalSection(SolutionConfigurationPlatforms) = preSolution
		Debug|Any CPU = Debug|Any CPU
		Debug|x64 = Debug|x64
		Debug|x86 = Debug|x86
		Release|Any CPU = Release|Any CPU
		Release|x64 = Release|x64
		Release|x86 = Release|x86
	EndGlobalSection
	GlobalSection(ProjectConfigurationPlatforms) = postSolution
		{55555555-5555-5555-5555-555555555555}.Debug|Any CPU.ActiveCfg = Debug|Any CPU
		{55555555-5555-5555-5555-555555555555}.Debug|Any CPU.Build.0 = Debug|Any CPU
		{55555555-5555-5555-5555-555555555555}.Debug|x64.ActiveCfg = Debug|Any CPU
		{55555555-5555-5555-5555-555555555555}.Debug|x64.Build.0 = Debug|Any CPU
		{55555555-5555-5555-5555-555555555555}.Debug|x86.ActiveCfg = Debug|Any CPU
		{55555555-5555-5555-5555-555555555555}.Debug|x86.Build.0 = Debug|Any CPU
		{55555555-5555-5555-5555-555555555555}.Release|Any CPU.ActiveCfg = Release|Any CPU
		{55555555-5555-5555-5555-555555555555}.Release|Any CPU.Build.0 = Release|Any CPU
		{55555555-5555-5555-5555-555555555555}.Release|x64.ActiveCfg = Release|Any CPU
		{55555555-5555-5555-5555-555555555555}.Release|x64.Build.0 = Release|Any CPU
		{55555555-5555-5555-5555-555555555555}.Release|x86.ActiveCfg = Release|Any CPU
		{55555555-5555-5555-5555-555555555555}.Release|x86.Build.0 = Release|Any CPU
		{66666666-6666-6666-6666-666666666666}.Debug|Any CPU.ActiveCfg = Debug|Any CPU
		{66666666-6666-6666-6666-666666666666}.Debug|Any CPU.Build.0 = Debug|Any CPU
		{66666666-6666-6666-6666-666666666666}.Debug|x64.ActiveCfg = Debug|Any CPU
		{66666666-6666-6666-6666-666666666666}.Debug|x64.Build.0 = Debug|Any CPU
		{66666666-6666-6666-6666-666666666666}.Debug|x86.ActiveCfg = Debug|Any CPU
		{66666666-6666-6666-6666-666666666666}.Debug|x86.Build.0 = Debug|Any CPU
		{66666666-6666-6666-6666-666666666666}.Release|Any CPU.ActiveCfg = Release|Any CPU
		{66666666-6666-6666-6666-666666666666}.Release|Any CPU.Build.0 = Release|Any CPU
		{66666666-6666-6666-6666-666666666666}.Release|x64.ActiveCfg = Release|Any CPU
		{66666666-6666-6666-6666-666666666666}.Release|x64.Build.0 = Release|Any CPU
		{66666666-6666-6666-6666-666666666666}.Release|x86.ActiveCfg = Release|Any CPU
		{66666666-6666-6666-6666-666666666666}.Release|x86.Build.0 = Release|Any CPU
		{77777777-7777-7777-7777-777777777777}.Debug|Any CPU.ActiveCfg = Debug|Any CPU
		{77777777-7777-7777-7777-777777777777}.Debug|Any CPU.Build.0 = Debug|Any CPU
		{77777777-7777-7777-7777-777777777777}.Debug|x64.ActiveCfg = Debug|Any CPU
		{77777777-7777-7777-7777-777777777777}.Debug|x64.Build.0 = Debug|Any CPU
		{77777777-7777-7777-7777-777777777777}.Debug|x86.ActiveCfg = Debug|Any CPU
		{77777777-7777-7777-7777-777777777777}.Debug|x86.Build.0 = Debug|Any CPU
		{77777777-7777-7777-7777-777777777777}.Release|Any CPU.ActiveCfg = Release|Any CPU
		{77777777-7777-7777-7777-777777777777}.Release|Any CPU.Build.0 = Release|Any CPU
		{77777777-7777-7777-7777-777777777777}.Release|x64.ActiveCfg = Release|Any CPU
		{77777777-7777-7777-7777-777777777777}.Release|x64.Build.0 = Release|Any CPU
		{77777777-7777-7777-7777-777777777777}.Release|x86.ActiveCfg = Release|Any CPU
		{77777777-7777-7777-7777-777777777777}.Release|x86.Build.0 = Release|Any CPU
		{88888888-8888-8888-8888-888888888888}.Debug|Any CPU.ActiveCfg = Debug|Any CPU
		{88888888-8888-8888-8888-888888888888}.Debug|Any CPU.Build.0 = Debug|Any CPU
		{88888888-8888-8888-8888-888888888888}.Debug|x64.ActiveCfg = Debug|Any CPU
		{88888888-8888-8888-8888-888888888888}.Debug|x64.Build.0 = Debug|Any CPU
		{88888888-8888-8888-8888-888888888888}.Debug|x86.ActiveCfg = Debug|Any CPU
		{88888888-8888-8888-8888-888888888888}.Debug|x86.Build.0 = Debug|Any CPU
		{88888888-8888-8888-8888-888888888888}.Release|Any CPU.ActiveCfg = Release|Any CPU
		{88888888-8888-8888-8888-888888888888}.Release|Any CPU.Build.0 = Release|Any CPU
		{88888888-8888-8888-8888-888888888888}.Release|x64.ActiveCfg = Release|Any CPU
		{88888888-8888-8888-8888-888888888888}.Release|x64.Build.0 = Release|Any CPU
		{88888888-8888-8888-8888-888888888888}.Release|x86.ActiveCfg = Release|Any CPU
		{88888888-8888-8888-8888-888888888888}.Release|x86.Build.0 = Release|Any CPU
		{99999999-9999-9999-9999-999999999999}.Debug|Any CPU.ActiveCfg = Debug|Any CPU
		{99999999-9999-9999-9999-999999999999}.Debug|Any CPU.Build.0 = Debug|Any CPU
		{99999999-9999-9999-9999-999999999999}.Debug|x64.ActiveCfg = Debug|Any CPU
		{99999999-9999-9999-9999-999999999999}.Debug|x64.Build.0 = Debug|Any CPU
		{99999999-9999-9999-9999-999999999999}.Debug|x86.ActiveCfg = Debug|Any CPU
		{99999999-9999-9999-9999-999999999999}.Debug|x86.Build.0 = Debug|Any CPU
		{99999999-9999-9999-9999-999999999999}.Release|Any CPU.ActiveCfg = Release|Any CPU
		{99999999-9999-9999-9999-999999999999}.Release|Any CPU.Build.0 = Release|Any CPU
		{99999999-9999-9999-9999-999999999999}.Release|x64.ActiveCfg = Release|Any CPU
		{99999999-9999-9999-9999-999999999999}.Release|x64.Build.0 = Release|Any CPU
		{99999999-9999-9999-9999-999999999999}.Release|x86.ActiveCfg = Release|Any CPU
		{99999999-9999-9999-9999-999999999999}.Release|x86.Build.0 = Release|Any CPU
		{AAAAAAAA-AAAA-AAAA-AAAA-AAAAAAAAAAAA}.Debug|Any CPU.ActiveCfg = Debug|Any CPU
		{AAAAAAAA-AAAA-AAAA-AAAA-AAAAAAAAAAAA}.Debug|Any CPU.Build.0 = Debug|Any CPU
		{AAAAAAAA-AAAA-AAAA-AAAA-AAAAAAAAAAAA}.Debug|x64.ActiveCfg = Debug|Any CPU
		{AAAAAAAA-AAAA-AAAA-AAAA-AAAAAAAAAAAA}.Debug|x64.Build.0 = Debug|Any CPU
		{AAAAAAAA-AAAA-AAAA-AAAA-AAAAAAAAAAAA}.Debug|x86.ActiveCfg = Debug|Any CPU
		{AAAAAAAA-AAAA-AAAA-AAAA-AAAAAAAAAAAA}.Debug|x86.Build.0 = Debug|Any CPU
		{AAAAAAAA-AAAA-AAAA-AAAA-AAAAAAAAAAAA}.Release|Any CPU.ActiveCfg = Release|Any CPU
		{AAAAAAAA-AAAA-AAAA-AAAA-AAAAAAAAAAAA}.Release|Any CPU.Build.0 = Release|Any CPU
		{AAAAAAAA-AAAA-AAAA-AAAA-AAAAAAAAAAAA}.Release|x64.ActiveCfg = Release|Any CPU
		{AAAAAAAA-AAAA-AAAA-AAAA-AAAAAAAAAAAA}.Release|x64.Build.0 = Release|Any CPU
		{AAAAAAAA-AAAA-AAAA-AAAA-AAAAAAAAAAAA}.Release|x86.ActiveCfg = Release|Any CPU
		{AAAAAAAA-AAAA-AAAA-AAAA-AAAAAAAAAAAA}.Release|x86.Build.0 = Release|Any CPU
		{BBBBBBBB-BBBB-BBBB-BBBB-BBBBBBBBBBBB}.Debug|Any CPU.ActiveCfg = Debug|Any CPU
		{BBBBBBBB-BBBB-BBBB-BBBB-BBBBBBBBBBBB}.Debug|Any CPU.Build.0 = Debug|Any CPU
		{BBBBBBBB-BBBB-BBBB-BBBB-BBBBBBBBBBBB}.Debug|x64.ActiveCfg = Debug|Any CPU
		{BBBBBBBB-BBBB-BBBB-BBBB-BBBBBBBBBBBB}.Debug|x64.Build.0 = Debug|Any CPU
		{BBBBBBBB-BBBB-BBBB-BBBB-BBBBBBBBBBBB}.Debug|x86.ActiveCfg = Debug|Any CPU
		{BBBBBBBB-BBBB-BBBB-BBBB-BBBBBBBBBBBB}.Debug|x86.Build.0 = Debug|Any CPU
		{BBBBBBBB-BBBB-BBBB-BBBB-BBBBBBBBBBBB}.Release|Any CPU.ActiveCfg = Release|Any CPU
		{BBBBBBBB-BBBB-BBBB-BBBB-BBBBBBBBBBBB}.Release|Any CPU.Build.0 = Release|Any CPU
		{BBBBBBBB-BBBB-BBBB-BBBB-BBBBBBBBBBBB}.Release|x64.ActiveCfg = Release|Any CPU
		{BBBBBBBB-BBBB-BBBB-BBBB-BBBBBBBBBBBB}.Release|x64.Build.0 = Release|Any CPU
		{BBBBBBBB-BBBB-BBBB-BBBB-BBBBBBBBBBBB}.Release|x86.ActiveCfg = Release|Any CPU
		{BBBBBBBB-BBBB-BBBB-BBBB-BBBBBBBBBBBB}.Release|x86.Build.0 = Release|Any CPU
		{CC388310-29CA-47F2-BF34-54F3DD9C888D}.Debug|Any CPU.ActiveCfg = Debug|Any CPU
		{CC388310-29CA-47F2-BF34-54F3DD9C888D}.Debug|Any CPU.Build.0 = Debug|Any CPU
		{CC388310-29CA-47F2-BF34-54F3DD9C888D}.Debug|x64.ActiveCfg = Debug|Any CPU
		{CC388310-29CA-47F2-BF34-54F3DD9C888D}.Debug|x64.Build.0 = Debug|Any CPU
		{CC388310-29CA-47F2-BF34-54F3DD9C888D}.Debug|x86.ActiveCfg = Debug|Any CPU
		{CC388310-29CA-47F2-BF34-54F3DD9C888D}.Debug|x86.Build.0 = Debug|Any CPU
		{CC388310-29CA-47F2-BF34-54F3DD9C888D}.Release|Any CPU.ActiveCfg = Release|Any CPU
		{CC388310-29CA-47F2-BF34-54F3DD9C888D}.Release|Any CPU.Build.0 = Release|Any CPU
		{CC388310-29CA-47F2-BF34-54F3DD9C888D}.Release|x64.ActiveCfg = Release|Any CPU
		{CC388310-29CA-47F2-BF34-54F3DD9C888D}.Release|x64.Build.0 = Release|Any CPU
		{CC388310-29CA-47F2-BF34-54F3DD9C888D}.Release|x86.ActiveCfg = Release|Any CPU
		{CC388310-29CA-47F2-BF34-54F3DD9C888D}.Release|x86.Build.0 = Release|Any CPU
		{1C3700A2-EAEE-416B-83BF-025432B97C5A}.Debug|Any CPU.ActiveCfg = Debug|Any CPU
		{1C3700A2-EAEE-416B-83BF-025432B97C5A}.Debug|Any CPU.Build.0 = Debug|Any CPU
		{1C3700A2-EAEE-416B-83BF-025432B97C5A}.Debug|x64.ActiveCfg = Debug|Any CPU
		{1C3700A2-EAEE-416B-83BF-025432B97C5A}.Debug|x64.Build.0 = Debug|Any CPU
		{1C3700A2-EAEE-416B-83BF-025432B97C5A}.Debug|x86.ActiveCfg = Debug|Any CPU
		{1C3700A2-EAEE-416B-83BF-025432B97C5A}.Debug|x86.Build.0 = Debug|Any CPU
		{1C3700A2-EAEE-416B-83BF-025432B97C5A}.Release|Any CPU.ActiveCfg = Release|Any CPU
		{1C3700A2-EAEE-416B-83BF-025432B97C5A}.Release|Any CPU.Build.0 = Release|Any CPU
		{1C3700A2-EAEE-416B-83BF-025432B97C5A}.Release|x64.ActiveCfg = Release|Any CPU
		{1C3700A2-EAEE-416B-83BF-025432B97C5A}.Release|x64.Build.0 = Release|Any CPU
		{1C3700A2-EAEE-416B-83BF-025432B97C5A}.Release|x86.ActiveCfg = Release|Any CPU
		{1C3700A2-EAEE-416B-83BF-025432B97C5A}.Release|x86.Build.0 = Release|Any CPU
		{ABE72D37-9506-45DF-879B-8C0953319A7B}.Debug|Any CPU.ActiveCfg = Debug|Any CPU
		{ABE72D37-9506-45DF-879B-8C0953319A7B}.Debug|Any CPU.Build.0 = Debug|Any CPU
		{ABE72D37-9506-45DF-879B-8C0953319A7B}.Debug|x64.ActiveCfg = Debug|Any CPU
		{ABE72D37-9506-45DF-879B-8C0953319A7B}.Debug|x64.Build.0 = Debug|Any CPU
		{ABE72D37-9506-45DF-879B-8C0953319A7B}.Debug|x86.ActiveCfg = Debug|Any CPU
		{ABE72D37-9506-45DF-879B-8C0953319A7B}.Debug|x86.Build.0 = Debug|Any CPU
		{ABE72D37-9506-45DF-879B-8C0953319A7B}.Release|Any CPU.ActiveCfg = Release|Any CPU
		{ABE72D37-9506-45DF-879B-8C0953319A7B}.Release|Any CPU.Build.0 = Release|Any CPU
		{ABE72D37-9506-45DF-879B-8C0953319A7B}.Release|x64.ActiveCfg = Release|Any CPU
		{ABE72D37-9506-45DF-879B-8C0953319A7B}.Release|x64.Build.0 = Release|Any CPU
		{ABE72D37-9506-45DF-879B-8C0953319A7B}.Release|x86.ActiveCfg = Release|Any CPU
		{ABE72D37-9506-45DF-879B-8C0953319A7B}.Release|x86.Build.0 = Release|Any CPU
		{168B51FA-482B-42D6-B055-16C0B1F875A5}.Debug|Any CPU.ActiveCfg = Debug|Any CPU
		{168B51FA-482B-42D6-B055-16C0B1F875A5}.Debug|Any CPU.Build.0 = Debug|Any CPU
		{168B51FA-482B-42D6-B055-16C0B1F875A5}.Debug|x64.ActiveCfg = Debug|Any CPU
		{168B51FA-482B-42D6-B055-16C0B1F875A5}.Debug|x64.Build.0 = Debug|Any CPU
		{168B51FA-482B-42D6-B055-16C0B1F875A5}.Debug|x86.ActiveCfg = Debug|Any CPU
		{168B51FA-482B-42D6-B055-16C0B1F875A5}.Debug|x86.Build.0 = Debug|Any CPU
		{168B51FA-482B-42D6-B055-16C0B1F875A5}.Release|Any CPU.ActiveCfg = Release|Any CPU
		{168B51FA-482B-42D6-B055-16C0B1F875A5}.Release|Any CPU.Build.0 = Release|Any CPU
		{168B51FA-482B-42D6-B055-16C0B1F875A5}.Release|x64.ActiveCfg = Release|Any CPU
		{168B51FA-482B-42D6-B055-16C0B1F875A5}.Release|x64.Build.0 = Release|Any CPU
		{168B51FA-482B-42D6-B055-16C0B1F875A5}.Release|x86.ActiveCfg = Release|Any CPU
		{168B51FA-482B-42D6-B055-16C0B1F875A5}.Release|x86.Build.0 = Release|Any CPU
	EndGlobalSection
	GlobalSection(SolutionProperties) = preSolution
		HideSolutionNode = FALSE
	EndGlobalSection
	GlobalSection(NestedProjects) = preSolution
		{0DFEBA3E-BECE-7C30-9501-5FE1088C754D} = {11111111-1111-1111-1111-111111111111}
		{CC388310-29CA-47F2-BF34-54F3DD9C888D} = {0DFEBA3E-BECE-7C30-9501-5FE1088C754D}
		{1C3700A2-EAEE-416B-83BF-025432B97C5A} = {0DFEBA3E-BECE-7C30-9501-5FE1088C754D}
		{ABE72D37-9506-45DF-879B-8C0953319A7B} = {0DFEBA3E-BECE-7C30-9501-5FE1088C754D}
		{168B51FA-482B-42D6-B055-16C0B1F875A5} = {0DFEBA3E-BECE-7C30-9501-5FE1088C754D}
	EndGlobalSection
EndGlobal
